{
  "name": "npm-basics-and-advanced-features-part-3",
  "version": "1.0.0",
  "lockfileVersion": 3,
  "requires": true,
  "packages": {
    "": {
      "name": "npm-basics-and-advanced-features-part-3",
      "version": "1.0.0",
      "license": "ISC",
      "dependencies": {
        "accessibility": "^3.0.9"
      }
    },
    "node_modules/accessibility": {
      "version": "3.0.9",
      "resolved": "https://registry.npmjs.org/accessibility/-/accessibility-3.0.9.tgz",
      "integrity": "sha512-p05tZNd09C1Voz/+nKQdZxajFo0zI8sDdwZGThoPqole7lCkK2mOg5WJRGDpc+i9iPOoSBKA6mgk9cW5RFhPqQ=="
    }
  }
}
